
Microsoft Visual Studio Solution File, Format Version 12.00
# Visual Studio Version 16
VisualStudioVersion = 16.0.31911.196
MinimumVisualStudioVersion = 10.0.40219.1
Project("{FAE04EC0-301F-11D3-BF4B-00C04F79EFBC}") = "aulaTeste01", "aulaTeste01.csproj", "{FED6E650-EBB5-4BEF-9165-A48CA4FE1386}"
EndProject
Global
	GlobalSection(SolutionConfigurationPlatforms) = preSolution
		Debug|Any CPU = Debug|Any CPU
		Release|Any CPU = Release|Any CPU
	EndGlobalSection
	GlobalSection(ProjectConfigurationPlatforms) = postSolution
		{FED6E650-EBB5-4BEF-9165-A48CA4FE1386}.Debug|Any CPU.ActiveCfg = Debug|Any CPU
		{FED6E650-EBB5-4BEF-9165-A48CA4FE1386}.Debug|Any CPU.Build.0 = Debug|Any CPU
		{FED6E650-EBB5-4BEF-9165-A48CA4FE1386}.Release|Any CPU.ActiveCfg = Release|Any CPU
		{FED6E650-EBB5-4BEF-9165-A48CA4FE1386}.Release|Any CPU.Build.0 = Release|Any CPU
	EndGlobalSection
	GlobalSection(SolutionProperties) = preSolution
		HideSolutionNode = FALSE
	EndGlobalSection
	GlobalSection(ExtensibilityGlobals) = postSolution
		SolutionGuid = {4851246C-5FF3-469D-A0F7-24F68BE75DA9}
	EndGlobalSection
EndGlobal
